// !$*UTF8*$!
{
	archiveVersion = 1;
	classes = {
	};
	objectVersion = 50;
	objects = {

/* Begin PBXBuildFile section */
		E64203F121638CD6004A77FF /* gulden_static.h in Headers */ = {isa = PBXBuildFile; fileRef = E64203EF21638CD6004A77FF /* gulden_static.h */; settings = {ATTRIBUTES = (Public, ); }; };
		E65D47BB21639B2B00033ED1 /* unity_impl.h in Headers */ = {isa = PBXBuildFile; fileRef = E65D47B421639B2B00033ED1 /* unity_impl.h */; };
		E65D47C021639B8700033ED1 /* unity_dummy_imp.cpp in Sources */ = {isa = PBXBuildFile; fileRef = E65D47BF21639B8700033ED1 /* unity_dummy_imp.cpp */; };
		E65D47DE21639F1500033ED1 /* DBGuldenUnifiedBackend.h in Headers */ = {isa = PBXBuildFile; fileRef = E65D47C121639F1300033ED1 /* DBGuldenUnifiedBackend.h */; };
		E65D47DF21639F1500033ED1 /* DBTransactionType+Private.h in Headers */ = {isa = PBXBuildFile; fileRef = E65D47C221639F1300033ED1 /* DBTransactionType+Private.h */; };
		E65D47E021639F1500033ED1 /* DBGuldenUnifiedBackend.mm in Sources */ = {isa = PBXBuildFile; fileRef = E65D47C321639F1300033ED1 /* DBGuldenUnifiedBackend.mm */; };
		E65D47E121639F1500033ED1 /* DBQrcodeRecord+Private.mm in Sources */ = {isa = PBXBuildFile; fileRef = E65D47C421639F1300033ED1 /* DBQrcodeRecord+Private.mm */; };
		E65D47E221639F1500033ED1 /* DBBalanceRecord+Private.mm in Sources */ = {isa = PBXBuildFile; fileRef = E65D47C521639F1300033ED1 /* DBBalanceRecord+Private.mm */; };
		E65D47E321639F1500033ED1 /* DBUriRecord.mm in Sources */ = {isa = PBXBuildFile; fileRef = E65D47C621639F1400033ED1 /* DBUriRecord.mm */; };
		E65D47E421639F1500033ED1 /* DBTransactionType.h in Headers */ = {isa = PBXBuildFile; fileRef = E65D47C721639F1400033ED1 /* DBTransactionType.h */; };
		E65D47E521639F1500033ED1 /* DBQrcodeRecord.h in Headers */ = {isa = PBXBuildFile; fileRef = E65D47C821639F1400033ED1 /* DBQrcodeRecord.h */; };
		E65D47E621639F1500033ED1 /* DBTransactionRecord+Private.mm in Sources */ = {isa = PBXBuildFile; fileRef = E65D47C921639F1400033ED1 /* DBTransactionRecord+Private.mm */; };
		E65D47E721639F1500033ED1 /* DBUriRecipient+Private.mm in Sources */ = {isa = PBXBuildFile; fileRef = E65D47CA21639F1400033ED1 /* DBUriRecipient+Private.mm */; };
		E65D47E821639F1500033ED1 /* DBQrcodeRecord+Private.h in Headers */ = {isa = PBXBuildFile; fileRef = E65D47CB21639F1400033ED1 /* DBQrcodeRecord+Private.h */; };
		E65D47E921639F1500033ED1 /* DBUriRecipient.mm in Sources */ = {isa = PBXBuildFile; fileRef = E65D47CC21639F1400033ED1 /* DBUriRecipient.mm */; };
		E65D47EA21639F1500033ED1 /* DBBalanceRecord+Private.h in Headers */ = {isa = PBXBuildFile; fileRef = E65D47CD21639F1400033ED1 /* DBBalanceRecord+Private.h */; };
		E65D47EB21639F1500033ED1 /* DBGuldenUnifiedBackend+Private.mm in Sources */ = {isa = PBXBuildFile; fileRef = E65D47CE21639F1400033ED1 /* DBGuldenUnifiedBackend+Private.mm */; };
		E65D47EC21639F1500033ED1 /* DBTransactionRecord.h in Headers */ = {isa = PBXBuildFile; fileRef = E65D47CF21639F1400033ED1 /* DBTransactionRecord.h */; };
		E65D47ED21639F1500033ED1 /* DBUriRecord+Private.h in Headers */ = {isa = PBXBuildFile; fileRef = E65D47D021639F1400033ED1 /* DBUriRecord+Private.h */; };
		E65D47EE21639F1500033ED1 /* DBGuldenUnifiedFrontend+Private.h in Headers */ = {isa = PBXBuildFile; fileRef = E65D47D121639F1400033ED1 /* DBGuldenUnifiedFrontend+Private.h */; };
		E65D47EF21639F1500033ED1 /* DBUriRecipient+Private.h in Headers */ = {isa = PBXBuildFile; fileRef = E65D47D221639F1400033ED1 /* DBUriRecipient+Private.h */; };
		E65D47F021639F1500033ED1 /* DBGuldenUnifiedFrontend+Private.mm in Sources */ = {isa = PBXBuildFile; fileRef = E65D47D321639F1400033ED1 /* DBGuldenUnifiedFrontend+Private.mm */; };
		E65D47F121639F1500033ED1 /* DBQrcodeRecord.mm in Sources */ = {isa = PBXBuildFile; fileRef = E65D47D421639F1400033ED1 /* DBQrcodeRecord.mm */; };
		E65D47F221639F1500033ED1 /* DBTransactionRecord.mm in Sources */ = {isa = PBXBuildFile; fileRef = E65D47D521639F1400033ED1 /* DBTransactionRecord.mm */; };
		E65D47F321639F1500033ED1 /* DBUriRecipient.h in Headers */ = {isa = PBXBuildFile; fileRef = E65D47D621639F1400033ED1 /* DBUriRecipient.h */; };
		E65D47F421639F1500033ED1 /* DBUriRecord+Private.mm in Sources */ = {isa = PBXBuildFile; fileRef = E65D47D721639F1400033ED1 /* DBUriRecord+Private.mm */; };
		E65D47F521639F1500033ED1 /* DBGuldenUnifiedBackend+Private.h in Headers */ = {isa = PBXBuildFile; fileRef = E65D47D821639F1500033ED1 /* DBGuldenUnifiedBackend+Private.h */; };
		E65D47F621639F1500033ED1 /* DBBalanceRecord.h in Headers */ = {isa = PBXBuildFile; fileRef = E65D47D921639F1500033ED1 /* DBBalanceRecord.h */; };
		E65D47F721639F1500033ED1 /* DBTransactionRecord+Private.h in Headers */ = {isa = PBXBuildFile; fileRef = E65D47DA21639F1500033ED1 /* DBTransactionRecord+Private.h */; };
		E65D47F821639F1500033ED1 /* DBGuldenUnifiedFrontend.h in Headers */ = {isa = PBXBuildFile; fileRef = E65D47DB21639F1500033ED1 /* DBGuldenUnifiedFrontend.h */; };
		E65D47F921639F1500033ED1 /* DBUriRecord.h in Headers */ = {isa = PBXBuildFile; fileRef = E65D47DC21639F1500033ED1 /* DBUriRecord.h */; };
		E65D47FA21639F1500033ED1 /* DBBalanceRecord.mm in Sources */ = {isa = PBXBuildFile; fileRef = E65D47DD21639F1500033ED1 /* DBBalanceRecord.mm */; };
		E65D480321639FB100033ED1 /* DJIError.mm in Sources */ = {isa = PBXBuildFile; fileRef = E65D47FD21639FB000033ED1 /* DJIError.mm */; };
		E65D480421639FB100033ED1 /* DJIError.h in Headers */ = {isa = PBXBuildFile; fileRef = E65D47FE21639FB000033ED1 /* DJIError.h */; };
		E65D480521639FB100033ED1 /* DJICppWrapperCache+Private.h in Headers */ = {isa = PBXBuildFile; fileRef = E65D47FF21639FB000033ED1 /* DJICppWrapperCache+Private.h */; };
		E65D480621639FB100033ED1 /* DJIMarshal+Private.h in Headers */ = {isa = PBXBuildFile; fileRef = E65D480021639FB100033ED1 /* DJIMarshal+Private.h */; };
		E65D480721639FB100033ED1 /* DJIObjcWrapperCache+Private.h in Headers */ = {isa = PBXBuildFile; fileRef = E65D480121639FB100033ED1 /* DJIObjcWrapperCache+Private.h */; };
		E65D480821639FB100033ED1 /* DJIProxyCaches.mm in Sources */ = {isa = PBXBuildFile; fileRef = E65D480221639FB100033ED1 /* DJIProxyCaches.mm */; };
		E65D480A2163A3C500033ED1 /* libboost_chrono-mt.a in Frameworks */ = {isa = PBXBuildFile; fileRef = E65D48092163A3C500033ED1 /* libboost_chrono-mt.a */; };
		E65D480C2163A48700033ED1 /* libboost_system-mt.a in Frameworks */ = {isa = PBXBuildFile; fileRef = E65D480B2163A48700033ED1 /* libboost_system-mt.a */; };
/* End PBXBuildFile section */

/* Begin PBXFileReference section */
		E64203EC21638CD6004A77FF /* gulden_static.framework */ = {isa = PBXFileReference; explicitFileType = wrapper.framework; includeInIndex = 0; path = gulden_static.framework; sourceTree = BUILT_PRODUCTS_DIR; };
		E64203EF21638CD6004A77FF /* gulden_static.h */ = {isa = PBXFileReference; lastKnownFileType = sourcecode.c.h; path = gulden_static.h; sourceTree = "<group>"; };
		E64203F021638CD6004A77FF /* Info.plist */ = {isa = PBXFileReference; lastKnownFileType = text.plist.xml; path = Info.plist; sourceTree = "<group>"; };
		E65D47B421639B2B00033ED1 /* unity_impl.h */ = {isa = PBXFileReference; fileEncoding = 4; lastKnownFileType = sourcecode.c.h; name = unity_impl.h; path = ../../../unity_impl.h; sourceTree = "<group>"; };
		E65D47BF21639B8700033ED1 /* unity_dummy_imp.cpp */ = {isa = PBXFileReference; fileEncoding = 4; lastKnownFileType = sourcecode.cpp.cpp; name = unity_dummy_imp.cpp; path = ../../../unity_dummy_imp.cpp; sourceTree = "<group>"; };
		E65D47C121639F1300033ED1 /* DBGuldenUnifiedBackend.h */ = {isa = PBXFileReference; fileEncoding = 4; lastKnownFileType = sourcecode.c.h; name = DBGuldenUnifiedBackend.h; path = ../../djinni/objc/DBGuldenUnifiedBackend.h; sourceTree = "<group>"; };
		E65D47C221639F1300033ED1 /* DBTransactionType+Private.h */ = {isa = PBXFileReference; fileEncoding = 4; lastKnownFileType = sourcecode.c.h; name = "DBTransactionType+Private.h"; path = "../../djinni/objc/DBTransactionType+Private.h"; sourceTree = "<group>"; };
		E65D47C321639F1300033ED1 /* DBGuldenUnifiedBackend.mm */ = {isa = PBXFileReference; fileEncoding = 4; lastKnownFileType = sourcecode.cpp.objcpp; name = DBGuldenUnifiedBackend.mm; path = ../../djinni/objc/DBGuldenUnifiedBackend.mm; sourceTree = "<group>"; };
		E65D47C421639F1300033ED1 /* DBQrcodeRecord+Private.mm */ = {isa = PBXFileReference; fileEncoding = 4; lastKnownFileType = sourcecode.cpp.objcpp; name = "DBQrcodeRecord+Private.mm"; path = "../../djinni/objc/DBQrcodeRecord+Private.mm"; sourceTree = "<group>"; };
		E65D47C521639F1300033ED1 /* DBBalanceRecord+Private.mm */ = {isa = PBXFileReference; fileEncoding = 4; lastKnownFileType = sourcecode.cpp.objcpp; name = "DBBalanceRecord+Private.mm"; path = "../../djinni/objc/DBBalanceRecord+Private.mm"; sourceTree = "<group>"; };
		E65D47C621639F1400033ED1 /* DBUriRecord.mm */ = {isa = PBXFileReference; fileEncoding = 4; lastKnownFileType = sourcecode.cpp.objcpp; name = DBUriRecord.mm; path = ../../djinni/objc/DBUriRecord.mm; sourceTree = "<group>"; };
		E65D47C721639F1400033ED1 /* DBTransactionType.h */ = {isa = PBXFileReference; fileEncoding = 4; lastKnownFileType = sourcecode.c.h; name = DBTransactionType.h; path = ../../djinni/objc/DBTransactionType.h; sourceTree = "<group>"; };
		E65D47C821639F1400033ED1 /* DBQrcodeRecord.h */ = {isa = PBXFileReference; fileEncoding = 4; lastKnownFileType = sourcecode.c.h; name = DBQrcodeRecord.h; path = ../../djinni/objc/DBQrcodeRecord.h; sourceTree = "<group>"; };
		E65D47C921639F1400033ED1 /* DBTransactionRecord+Private.mm */ = {isa = PBXFileReference; fileEncoding = 4; lastKnownFileType = sourcecode.cpp.objcpp; name = "DBTransactionRecord+Private.mm"; path = "../../djinni/objc/DBTransactionRecord+Private.mm"; sourceTree = "<group>"; };
		E65D47CA21639F1400033ED1 /* DBUriRecipient+Private.mm */ = {isa = PBXFileReference; fileEncoding = 4; lastKnownFileType = sourcecode.cpp.objcpp; name = "DBUriRecipient+Private.mm"; path = "../../djinni/objc/DBUriRecipient+Private.mm"; sourceTree = "<group>"; };
		E65D47CB21639F1400033ED1 /* DBQrcodeRecord+Private.h */ = {isa = PBXFileReference; fileEncoding = 4; lastKnownFileType = sourcecode.c.h; name = "DBQrcodeRecord+Private.h"; path = "../../djinni/objc/DBQrcodeRecord+Private.h"; sourceTree = "<group>"; };
		E65D47CC21639F1400033ED1 /* DBUriRecipient.mm */ = {isa = PBXFileReference; fileEncoding = 4; lastKnownFileType = sourcecode.cpp.objcpp; name = DBUriRecipient.mm; path = ../../djinni/objc/DBUriRecipient.mm; sourceTree = "<group>"; };
		E65D47CD21639F1400033ED1 /* DBBalanceRecord+Private.h */ = {isa = PBXFileReference; fileEncoding = 4; lastKnownFileType = sourcecode.c.h; name = "DBBalanceRecord+Private.h"; path = "../../djinni/objc/DBBalanceRecord+Private.h"; sourceTree = "<group>"; };
		E65D47CE21639F1400033ED1 /* DBGuldenUnifiedBackend+Private.mm */ = {isa = PBXFileReference; fileEncoding = 4; lastKnownFileType = sourcecode.cpp.objcpp; name = "DBGuldenUnifiedBackend+Private.mm"; path = "../../djinni/objc/DBGuldenUnifiedBackend+Private.mm"; sourceTree = "<group>"; };
		E65D47CF21639F1400033ED1 /* DBTransactionRecord.h */ = {isa = PBXFileReference; fileEncoding = 4; lastKnownFileType = sourcecode.c.h; name = DBTransactionRecord.h; path = ../../djinni/objc/DBTransactionRecord.h; sourceTree = "<group>"; };
		E65D47D021639F1400033ED1 /* DBUriRecord+Private.h */ = {isa = PBXFileReference; fileEncoding = 4; lastKnownFileType = sourcecode.c.h; name = "DBUriRecord+Private.h"; path = "../../djinni/objc/DBUriRecord+Private.h"; sourceTree = "<group>"; };
		E65D47D121639F1400033ED1 /* DBGuldenUnifiedFrontend+Private.h */ = {isa = PBXFileReference; fileEncoding = 4; lastKnownFileType = sourcecode.c.h; name = "DBGuldenUnifiedFrontend+Private.h"; path = "../../djinni/objc/DBGuldenUnifiedFrontend+Private.h"; sourceTree = "<group>"; };
		E65D47D221639F1400033ED1 /* DBUriRecipient+Private.h */ = {isa = PBXFileReference; fileEncoding = 4; lastKnownFileType = sourcecode.c.h; name = "DBUriRecipient+Private.h"; path = "../../djinni/objc/DBUriRecipient+Private.h"; sourceTree = "<group>"; };
		E65D47D321639F1400033ED1 /* DBGuldenUnifiedFrontend+Private.mm */ = {isa = PBXFileReference; fileEncoding = 4; lastKnownFileType = sourcecode.cpp.objcpp; name = "DBGuldenUnifiedFrontend+Private.mm"; path = "../../djinni/objc/DBGuldenUnifiedFrontend+Private.mm"; sourceTree = "<group>"; };
		E65D47D421639F1400033ED1 /* DBQrcodeRecord.mm */ = {isa = PBXFileReference; fileEncoding = 4; lastKnownFileType = sourcecode.cpp.objcpp; name = DBQrcodeRecord.mm; path = ../../djinni/objc/DBQrcodeRecord.mm; sourceTree = "<group>"; };
		E65D47D521639F1400033ED1 /* DBTransactionRecord.mm */ = {isa = PBXFileReference; fileEncoding = 4; lastKnownFileType = sourcecode.cpp.objcpp; name = DBTransactionRecord.mm; path = ../../djinni/objc/DBTransactionRecord.mm; sourceTree = "<group>"; };
		E65D47D621639F1400033ED1 /* DBUriRecipient.h */ = {isa = PBXFileReference; fileEncoding = 4; lastKnownFileType = sourcecode.c.h; name = DBUriRecipient.h; path = ../../djinni/objc/DBUriRecipient.h; sourceTree = "<group>"; };
		E65D47D721639F1400033ED1 /* DBUriRecord+Private.mm */ = {isa = PBXFileReference; fileEncoding = 4; lastKnownFileType = sourcecode.cpp.objcpp; name = "DBUriRecord+Private.mm"; path = "../../djinni/objc/DBUriRecord+Private.mm"; sourceTree = "<group>"; };
		E65D47D821639F1500033ED1 /* DBGuldenUnifiedBackend+Private.h */ = {isa = PBXFileReference; fileEncoding = 4; lastKnownFileType = sourcecode.c.h; name = "DBGuldenUnifiedBackend+Private.h"; path = "../../djinni/objc/DBGuldenUnifiedBackend+Private.h"; sourceTree = "<group>"; };
		E65D47D921639F1500033ED1 /* DBBalanceRecord.h */ = {isa = PBXFileReference; fileEncoding = 4; lastKnownFileType = sourcecode.c.h; name = DBBalanceRecord.h; path = ../../djinni/objc/DBBalanceRecord.h; sourceTree = "<group>"; };
		E65D47DA21639F1500033ED1 /* DBTransactionRecord+Private.h */ = {isa = PBXFileReference; fileEncoding = 4; lastKnownFileType = sourcecode.c.h; name = "DBTransactionRecord+Private.h"; path = "../../djinni/objc/DBTransactionRecord+Private.h"; sourceTree = "<group>"; };
		E65D47DB21639F1500033ED1 /* DBGuldenUnifiedFrontend.h */ = {isa = PBXFileReference; fileEncoding = 4; lastKnownFileType = sourcecode.c.h; name = DBGuldenUnifiedFrontend.h; path = ../../djinni/objc/DBGuldenUnifiedFrontend.h; sourceTree = "<group>"; };
		E65D47DC21639F1500033ED1 /* DBUriRecord.h */ = {isa = PBXFileReference; fileEncoding = 4; lastKnownFileType = sourcecode.c.h; name = DBUriRecord.h; path = ../../djinni/objc/DBUriRecord.h; sourceTree = "<group>"; };
		E65D47DD21639F1500033ED1 /* DBBalanceRecord.mm */ = {isa = PBXFileReference; fileEncoding = 4; lastKnownFileType = sourcecode.cpp.objcpp; name = DBBalanceRecord.mm; path = ../../djinni/objc/DBBalanceRecord.mm; sourceTree = "<group>"; };
		E65D47FD21639FB000033ED1 /* DJIError.mm */ = {isa = PBXFileReference; fileEncoding = 4; lastKnownFileType = sourcecode.cpp.objcpp; name = DJIError.mm; path = "../../../../djinni/djinni/support-lib/objc/DJIError.mm"; sourceTree = "<group>"; };
		E65D47FE21639FB000033ED1 /* DJIError.h */ = {isa = PBXFileReference; fileEncoding = 4; lastKnownFileType = sourcecode.c.h; name = DJIError.h; path = "../../../../djinni/djinni/support-lib/objc/DJIError.h"; sourceTree = "<group>"; };
		E65D47FF21639FB000033ED1 /* DJICppWrapperCache+Private.h */ = {isa = PBXFileReference; fileEncoding = 4; lastKnownFileType = sourcecode.c.h; name = "DJICppWrapperCache+Private.h"; path = "../../../../djinni/djinni/support-lib/objc/DJICppWrapperCache+Private.h"; sourceTree = "<group>"; };
		E65D480021639FB100033ED1 /* DJIMarshal+Private.h */ = {isa = PBXFileReference; fileEncoding = 4; lastKnownFileType = sourcecode.c.h; name = "DJIMarshal+Private.h"; path = "../../../../djinni/djinni/support-lib/objc/DJIMarshal+Private.h"; sourceTree = "<group>"; };
		E65D480121639FB100033ED1 /* DJIObjcWrapperCache+Private.h */ = {isa = PBXFileReference; fileEncoding = 4; lastKnownFileType = sourcecode.c.h; name = "DJIObjcWrapperCache+Private.h"; path = "../../../../djinni/djinni/support-lib/objc/DJIObjcWrapperCache+Private.h"; sourceTree = "<group>"; };
		E65D480221639FB100033ED1 /* DJIProxyCaches.mm */ = {isa = PBXFileReference; fileEncoding = 4; lastKnownFileType = sourcecode.cpp.objcpp; name = DJIProxyCaches.mm; path = "../../../../djinni/djinni/support-lib/objc/DJIProxyCaches.mm"; sourceTree = "<group>"; };
		E65D48092163A3C500033ED1 /* libboost_chrono-mt.a */ = {isa = PBXFileReference; lastKnownFileType = archive.ar; name = "libboost_chrono-mt.a"; path = "../../../../depends/x86_64-darwin/lib/libboost_chrono-mt.a"; sourceTree = "<group>"; };
		E65D480B2163A48700033ED1 /* libboost_system-mt.a */ = {isa = PBXFileReference; lastKnownFileType = archive.ar; name = "libboost_system-mt.a"; path = "../../../../depends/x86_64-darwin/lib/libboost_system-mt.a"; sourceTree = "<group>"; };
/* End PBXFileReference section */

/* Begin PBXFrameworksBuildPhase section */
		E64203E921638CD6004A77FF /* Frameworks */ = {
			isa = PBXFrameworksBuildPhase;
			buildActionMask = 2147483647;
			files = (
				E65D480C2163A48700033ED1 /* libboost_system-mt.a in Frameworks */,
				E65D480A2163A3C500033ED1 /* libboost_chrono-mt.a in Frameworks */,
			);
			runOnlyForDeploymentPostprocessing = 0;
		};
/* End PBXFrameworksBuildPhase section */

/* Begin PBXGroup section */
		E64203E221638CD6004A77FF = {
			isa = PBXGroup;
			children = (
				E65D47FF21639FB000033ED1 /* DJICppWrapperCache+Private.h */,
				E65D47FE21639FB000033ED1 /* DJIError.h */,
				E65D47FD21639FB000033ED1 /* DJIError.mm */,
				E65D480021639FB100033ED1 /* DJIMarshal+Private.h */,
				E65D480121639FB100033ED1 /* DJIObjcWrapperCache+Private.h */,
				E65D480221639FB100033ED1 /* DJIProxyCaches.mm */,
				E65D47D921639F1500033ED1 /* DBBalanceRecord.h */,
				E65D47DD21639F1500033ED1 /* DBBalanceRecord.mm */,
				E65D47CD21639F1400033ED1 /* DBBalanceRecord+Private.h */,
				E65D47C521639F1300033ED1 /* DBBalanceRecord+Private.mm */,
				E65D47C121639F1300033ED1 /* DBGuldenUnifiedBackend.h */,
				E65D47C321639F1300033ED1 /* DBGuldenUnifiedBackend.mm */,
				E65D47D821639F1500033ED1 /* DBGuldenUnifiedBackend+Private.h */,
				E65D47CE21639F1400033ED1 /* DBGuldenUnifiedBackend+Private.mm */,
				E65D47DB21639F1500033ED1 /* DBGuldenUnifiedFrontend.h */,
				E65D47D121639F1400033ED1 /* DBGuldenUnifiedFrontend+Private.h */,
				E65D47D321639F1400033ED1 /* DBGuldenUnifiedFrontend+Private.mm */,
				E65D47C821639F1400033ED1 /* DBQrcodeRecord.h */,
				E65D47D421639F1400033ED1 /* DBQrcodeRecord.mm */,
				E65D47CB21639F1400033ED1 /* DBQrcodeRecord+Private.h */,
				E65D47C421639F1300033ED1 /* DBQrcodeRecord+Private.mm */,
				E65D47CF21639F1400033ED1 /* DBTransactionRecord.h */,
				E65D47D521639F1400033ED1 /* DBTransactionRecord.mm */,
				E65D47DA21639F1500033ED1 /* DBTransactionRecord+Private.h */,
				E65D47C921639F1400033ED1 /* DBTransactionRecord+Private.mm */,
				E65D47C721639F1400033ED1 /* DBTransactionType.h */,
				E65D47C221639F1300033ED1 /* DBTransactionType+Private.h */,
				E65D47D621639F1400033ED1 /* DBUriRecipient.h */,
				E65D47CC21639F1400033ED1 /* DBUriRecipient.mm */,
				E65D47D221639F1400033ED1 /* DBUriRecipient+Private.h */,
				E65D47CA21639F1400033ED1 /* DBUriRecipient+Private.mm */,
				E65D47DC21639F1500033ED1 /* DBUriRecord.h */,
				E65D47C621639F1400033ED1 /* DBUriRecord.mm */,
				E65D47D021639F1400033ED1 /* DBUriRecord+Private.h */,
				E65D47D721639F1400033ED1 /* DBUriRecord+Private.mm */,
				E65D47B021639AF100033ED1 /* source */,
				E64203EE21638CD6004A77FF /* gulden_static */,
				E64203ED21638CD6004A77FF /* Products */,
				E64203F721638D34004A77FF /* Frameworks */,
			);
			sourceTree = "<group>";
		};
		E64203ED21638CD6004A77FF /* Products */ = {
			isa = PBXGroup;
			children = (
				E64203EC21638CD6004A77FF /* gulden_static.framework */,
			);
			name = Products;
			sourceTree = "<group>";
		};
		E64203EE21638CD6004A77FF /* gulden_static */ = {
			isa = PBXGroup;
			children = (
				E64203EF21638CD6004A77FF /* gulden_static.h */,
				E64203F021638CD6004A77FF /* Info.plist */,
			);
			path = gulden_static;
			sourceTree = "<group>";
		};
		E64203F721638D34004A77FF /* Frameworks */ = {
			isa = PBXGroup;
			children = (
				E65D480B2163A48700033ED1 /* libboost_system-mt.a */,
				E65D48092163A3C500033ED1 /* libboost_chrono-mt.a */,
			);
			name = Frameworks;
			sourceTree = "<group>";
		};
		E65D47B021639AF100033ED1 /* source */ = {
			isa = PBXGroup;
			children = (
				E65D47BF21639B8700033ED1 /* unity_dummy_imp.cpp */,
				E65D47B421639B2B00033ED1 /* unity_impl.h */,
			);
			path = source;
			sourceTree = "<group>";
		};
/* End PBXGroup section */

/* Begin PBXHeadersBuildPhase section */
		E64203E721638CD6004A77FF /* Headers */ = {
			isa = PBXHeadersBuildPhase;
			buildActionMask = 2147483647;
			files = (
				E65D47EA21639F1500033ED1 /* DBBalanceRecord+Private.h in Headers */,
				E65D47BB21639B2B00033ED1 /* unity_impl.h in Headers */,
				E65D47F921639F1500033ED1 /* DBUriRecord.h in Headers */,
				E65D480721639FB100033ED1 /* DJIObjcWrapperCache+Private.h in Headers */,
				E65D47F321639F1500033ED1 /* DBUriRecipient.h in Headers */,
				E65D47EC21639F1500033ED1 /* DBTransactionRecord.h in Headers */,
				E65D47F821639F1500033ED1 /* DBGuldenUnifiedFrontend.h in Headers */,
				E65D480421639FB100033ED1 /* DJIError.h in Headers */,
				E65D47F721639F1500033ED1 /* DBTransactionRecord+Private.h in Headers */,
				E65D47DF21639F1500033ED1 /* DBTransactionType+Private.h in Headers */,
				E65D47ED21639F1500033ED1 /* DBUriRecord+Private.h in Headers */,
				E65D47EF21639F1500033ED1 /* DBUriRecipient+Private.h in Headers */,
				E65D47EE21639F1500033ED1 /* DBGuldenUnifiedFrontend+Private.h in Headers */,
				E65D47F621639F1500033ED1 /* DBBalanceRecord.h in Headers */,
				E65D47DE21639F1500033ED1 /* DBGuldenUnifiedBackend.h in Headers */,
				E65D47E821639F1500033ED1 /* DBQrcodeRecord+Private.h in Headers */,
				E64203F121638CD6004A77FF /* gulden_static.h in Headers */,
				E65D47E421639F1500033ED1 /* DBTransactionType.h in Headers */,
				E65D480621639FB100033ED1 /* DJIMarshal+Private.h in Headers */,
				E65D47F521639F1500033ED1 /* DBGuldenUnifiedBackend+Private.h in Headers */,
				E65D47E521639F1500033ED1 /* DBQrcodeRecord.h in Headers */,
				E65D480521639FB100033ED1 /* DJICppWrapperCache+Private.h in Headers */,
			);
			runOnlyForDeploymentPostprocessing = 0;
		};
/* End PBXHeadersBuildPhase section */

/* Begin PBXNativeTarget section */
		E64203EB21638CD6004A77FF /* gulden_static */ = {
			isa = PBXNativeTarget;
			buildConfigurationList = E64203F421638CD6004A77FF /* Build configuration list for PBXNativeTarget "gulden_static" */;
			buildPhases = (
				E64203E721638CD6004A77FF /* Headers */,
				E64203E821638CD6004A77FF /* Sources */,
				E64203E921638CD6004A77FF /* Frameworks */,
				E64203EA21638CD6004A77FF /* Resources */,
			);
			buildRules = (
			);
			dependencies = (
			);
			name = gulden_static;
			productName = gulden_static;
			productReference = E64203EC21638CD6004A77FF /* gulden_static.framework */;
			productType = "com.apple.product-type.framework";
		};
/* End PBXNativeTarget section */

/* Begin PBXProject section */
		E64203E321638CD6004A77FF /* Project object */ = {
			isa = PBXProject;
			attributes = {
				LastUpgradeCheck = 1000;
				ORGANIZATIONNAME = "Gulden.com BV";
				TargetAttributes = {
					E64203EB21638CD6004A77FF = {
						CreatedOnToolsVersion = 10.0;
					};
				};
			};
			buildConfigurationList = E64203E621638CD6004A77FF /* Build configuration list for PBXProject "gulden_static" */;
			compatibilityVersion = "Xcode 9.3";
			developmentRegion = en;
			hasScannedForEncodings = 0;
			knownRegions = (
				en,
			);
			mainGroup = E64203E221638CD6004A77FF;
			productRefGroup = E64203ED21638CD6004A77FF /* Products */;
			projectDirPath = "";
			projectRoot = "";
			targets = (
				E64203EB21638CD6004A77FF /* gulden_static */,
			);
		};
/* End PBXProject section */

/* Begin PBXResourcesBuildPhase section */
		E64203EA21638CD6004A77FF /* Resources */ = {
			isa = PBXResourcesBuildPhase;
			buildActionMask = 2147483647;
			files = (
			);
			runOnlyForDeploymentPostprocessing = 0;
		};
/* End PBXResourcesBuildPhase section */

/* Begin PBXSourcesBuildPhase section */
		E64203E821638CD6004A77FF /* Sources */ = {
			isa = PBXSourcesBuildPhase;
			buildActionMask = 2147483647;
			files = (
				E65D47E121639F1500033ED1 /* DBQrcodeRecord+Private.mm in Sources */,
				E65D47FA21639F1500033ED1 /* DBBalanceRecord.mm in Sources */,
				E65D47F221639F1500033ED1 /* DBTransactionRecord.mm in Sources */,
				E65D47E321639F1500033ED1 /* DBUriRecord.mm in Sources */,
				E65D47E921639F1500033ED1 /* DBUriRecipient.mm in Sources */,
				E65D47E021639F1500033ED1 /* DBGuldenUnifiedBackend.mm in Sources */,
				E65D47E621639F1500033ED1 /* DBTransactionRecord+Private.mm in Sources */,
				E65D47EB21639F1500033ED1 /* DBGuldenUnifiedBackend+Private.mm in Sources */,
				E65D47F421639F1500033ED1 /* DBUriRecord+Private.mm in Sources */,
				E65D480821639FB100033ED1 /* DJIProxyCaches.mm in Sources */,
				E65D47C021639B8700033ED1 /* unity_dummy_imp.cpp in Sources */,
				E65D47E721639F1500033ED1 /* DBUriRecipient+Private.mm in Sources */,
				E65D480321639FB100033ED1 /* DJIError.mm in Sources */,
				E65D47E221639F1500033ED1 /* DBBalanceRecord+Private.mm in Sources */,
				E65D47F021639F1500033ED1 /* DBGuldenUnifiedFrontend+Private.mm in Sources */,
				E65D47F121639F1500033ED1 /* DBQrcodeRecord.mm in Sources */,
			);
			runOnlyForDeploymentPostprocessing = 0;
		};
/* End PBXSourcesBuildPhase section */

/* Begin XCBuildConfiguration section */
		E64203F221638CD6004A77FF /* Debug */ = {
			isa = XCBuildConfiguration;
			buildSettings = {
				ALWAYS_SEARCH_USER_PATHS = NO;
				CLANG_ANALYZER_NONNULL = YES;
				CLANG_ANALYZER_NUMBER_OBJECT_CONVERSION = YES_AGGRESSIVE;
				CLANG_CXX_LANGUAGE_STANDARD = "c++17";
				CLANG_CXX_LIBRARY = "compiler-default";
				CLANG_ENABLE_MODULES = YES;
				CLANG_ENABLE_OBJC_ARC = YES;
				CLANG_ENABLE_OBJC_WEAK = YES;
				CLANG_WARN_BLOCK_CAPTURE_AUTORELEASING = YES;
				CLANG_WARN_BOOL_CONVERSION = YES;
				CLANG_WARN_COMMA = YES;
				CLANG_WARN_CONSTANT_CONVERSION = YES;
				CLANG_WARN_DEPRECATED_OBJC_IMPLEMENTATIONS = YES;
				CLANG_WARN_DIRECT_OBJC_ISA_USAGE = YES_ERROR;
				CLANG_WARN_DOCUMENTATION_COMMENTS = YES;
				CLANG_WARN_EMPTY_BODY = YES;
				CLANG_WARN_ENUM_CONVERSION = YES;
				CLANG_WARN_INFINITE_RECURSION = YES;
				CLANG_WARN_INT_CONVERSION = YES;
				CLANG_WARN_NON_LITERAL_NULL_CONVERSION = YES;
				CLANG_WARN_OBJC_IMPLICIT_RETAIN_SELF = YES;
				CLANG_WARN_OBJC_LITERAL_CONVERSION = YES;
				CLANG_WARN_OBJC_ROOT_CLASS = YES_ERROR;
				CLANG_WARN_RANGE_LOOP_ANALYSIS = YES;
				CLANG_WARN_STRICT_PROTOTYPES = YES;
				CLANG_WARN_SUSPICIOUS_MOVE = YES;
				CLANG_WARN_UNGUARDED_AVAILABILITY = YES_AGGRESSIVE;
				CLANG_WARN_UNREACHABLE_CODE = YES;
				CLANG_WARN__DUPLICATE_METHOD_MATCH = YES;
				CODE_SIGN_IDENTITY = "iPhone Developer";
				COMPILER_INDEX_STORE_ENABLE = NO;
				COPY_PHASE_STRIP = NO;
				CURRENT_PROJECT_VERSION = 1;
				DEBUG_INFORMATION_FORMAT = dwarf;
				ENABLE_STRICT_OBJC_MSGSEND = YES;
				ENABLE_TESTABILITY = YES;
				GCC_C_LANGUAGE_STANDARD = "compiler-default";
				GCC_DYNAMIC_NO_PIC = NO;
				GCC_NO_COMMON_BLOCKS = YES;
				GCC_OPTIMIZATION_LEVEL = 0;
				GCC_PREPROCESSOR_DEFINITIONS = (
					"DEBUG=1",
					"$(inherited)",
				);
				GCC_WARN_64_TO_32_BIT_CONVERSION = YES;
				GCC_WARN_ABOUT_RETURN_TYPE = YES_ERROR;
				GCC_WARN_UNDECLARED_SELECTOR = YES;
				GCC_WARN_UNINITIALIZED_AUTOS = YES_AGGRESSIVE;
				GCC_WARN_UNUSED_FUNCTION = YES;
				GCC_WARN_UNUSED_VARIABLE = YES;
				HEADER_SEARCH_PATHS = (
					"/Users/willem/Projects/gulden/gulden-official/src/unity/djinni/cpp",
					"/Users/willem/Projects/gulden/gulden-official/depends/x86_64-darwin/include",
				);
				IPHONEOS_DEPLOYMENT_TARGET = 12.0;
				LIBRARY_SEARCH_PATHS = "/Users/willem/Projects/gulden/gulden-official/depends/x86_64-darwin/lib";
				MTL_ENABLE_DEBUG_INFO = INCLUDE_SOURCE;
				MTL_FAST_MATH = YES;
				ONLY_ACTIVE_ARCH = YES;
				SDKROOT = iphoneos;
				VERSIONING_SYSTEM = "apple-generic";
				VERSION_INFO_PREFIX = "";
			};
			name = Debug;
		};
		E64203F321638CD6004A77FF /* Release */ = {
			isa = XCBuildConfiguration;
			buildSettings = {
				ALWAYS_SEARCH_USER_PATHS = NO;
				CLANG_ANALYZER_NONNULL = YES;
				CLANG_ANALYZER_NUMBER_OBJECT_CONVERSION = YES_AGGRESSIVE;
				CLANG_CXX_LANGUAGE_STANDARD = "c++17";
				CLANG_CXX_LIBRARY = "compiler-default";
				CLANG_ENABLE_MODULES = YES;
				CLANG_ENABLE_OBJC_ARC = YES;
				CLANG_ENABLE_OBJC_WEAK = YES;
				CLANG_WARN_BLOCK_CAPTURE_AUTORELEASING = YES;
				CLANG_WARN_BOOL_CONVERSION = YES;
				CLANG_WARN_COMMA = YES;
				CLANG_WARN_CONSTANT_CONVERSION = YES;
				CLANG_WARN_DEPRECATED_OBJC_IMPLEMENTATIONS = YES;
				CLANG_WARN_DIRECT_OBJC_ISA_USAGE = YES_ERROR;
				CLANG_WARN_DOCUMENTATION_COMMENTS = YES;
				CLANG_WARN_EMPTY_BODY = YES;
				CLANG_WARN_ENUM_CONVERSION = YES;
				CLANG_WARN_INFINITE_RECURSION = YES;
				CLANG_WARN_INT_CONVERSION = YES;
				CLANG_WARN_NON_LITERAL_NULL_CONVERSION = YES;
				CLANG_WARN_OBJC_IMPLICIT_RETAIN_SELF = YES;
				CLANG_WARN_OBJC_LITERAL_CONVERSION = YES;
				CLANG_WARN_OBJC_ROOT_CLASS = YES_ERROR;
				CLANG_WARN_RANGE_LOOP_ANALYSIS = YES;
				CLANG_WARN_STRICT_PROTOTYPES = YES;
				CLANG_WARN_SUSPICIOUS_MOVE = YES;
				CLANG_WARN_UNGUARDED_AVAILABILITY = YES_AGGRESSIVE;
				CLANG_WARN_UNREACHABLE_CODE = YES;
				CLANG_WARN__DUPLICATE_METHOD_MATCH = YES;
				CODE_SIGN_IDENTITY = "iPhone Developer";
				COMPILER_INDEX_STORE_ENABLE = NO;
				COPY_PHASE_STRIP = NO;
				CURRENT_PROJECT_VERSION = 1;
				DEBUG_INFORMATION_FORMAT = "dwarf-with-dsym";
				ENABLE_NS_ASSERTIONS = NO;
				ENABLE_STRICT_OBJC_MSGSEND = YES;
				GCC_C_LANGUAGE_STANDARD = "compiler-default";
				GCC_NO_COMMON_BLOCKS = YES;
				GCC_WARN_64_TO_32_BIT_CONVERSION = YES;
				GCC_WARN_ABOUT_RETURN_TYPE = YES_ERROR;
				GCC_WARN_UNDECLARED_SELECTOR = YES;
				GCC_WARN_UNINITIALIZED_AUTOS = YES_AGGRESSIVE;
				GCC_WARN_UNUSED_FUNCTION = YES;
				GCC_WARN_UNUSED_VARIABLE = YES;
				HEADER_SEARCH_PATHS = (
					"/Users/willem/Projects/gulden/gulden-official/src/unity/djinni/cpp",
					"/Users/willem/Projects/gulden/gulden-official/depends/x86_64-darwin/include",
				);
				IPHONEOS_DEPLOYMENT_TARGET = 12.0;
				LIBRARY_SEARCH_PATHS = "/Users/willem/Projects/gulden/gulden-official/depends/x86_64-darwin/lib";
				MTL_ENABLE_DEBUG_INFO = NO;
				MTL_FAST_MATH = YES;
				SDKROOT = iphoneos;
				VALIDATE_PRODUCT = YES;
				VERSIONING_SYSTEM = "apple-generic";
				VERSION_INFO_PREFIX = "";
			};
			name = Release;
		};
		E64203F521638CD6004A77FF /* Debug */ = {
			isa = XCBuildConfiguration;
			buildSettings = {
				CODE_SIGN_IDENTITY = "";
				CODE_SIGN_STYLE = Automatic;
				DEFINES_MODULE = YES;
				DEVELOPMENT_TEAM = 33W3ADGJQH;
				DYLIB_COMPATIBILITY_VERSION = 1;
				DYLIB_CURRENT_VERSION = 1;
				DYLIB_INSTALL_NAME_BASE = "@rpath";
				INFOPLIST_FILE = gulden_static/Info.plist;
				INSTALL_PATH = "$(LOCAL_LIBRARY_DIR)/Frameworks";
				LD_RUNPATH_SEARCH_PATHS = (
					"$(inherited)",
					"@executable_path/Frameworks",
					"@loader_path/Frameworks",
				);
				PRODUCT_BUNDLE_IDENTIFIER = "com.gulden.gulden-static";
				PRODUCT_NAME = "$(TARGET_NAME:c99extidentifier)";
				SKIP_INSTALL = YES;
				TARGETED_DEVICE_FAMILY = "1,2";
			};
			name = Debug;
		};
		E64203F621638CD6004A77FF /* Release */ = {
			isa = XCBuildConfiguration;
			buildSettings = {
				CODE_SIGN_IDENTITY = "";
				CODE_SIGN_STYLE = Automatic;
				DEFINES_MODULE = YES;
				DEVELOPMENT_TEAM = 33W3ADGJQH;
				DYLIB_COMPATIBILITY_VERSION = 1;
				DYLIB_CURRENT_VERSION = 1;
				DYLIB_INSTALL_NAME_BASE = "@rpath";
				INFOPLIST_FILE = gulden_static/Info.plist;
				INSTALL_PATH = "$(LOCAL_LIBRARY_DIR)/Frameworks";
				LD_RUNPATH_SEARCH_PATHS = (
					"$(inherited)",
					"@executable_path/Frameworks",
					"@loader_path/Frameworks",
				);
				PRODUCT_BUNDLE_IDENTIFIER = "com.gulden.gulden-static";
				PRODUCT_NAME = "$(TARGET_NAME:c99extidentifier)";
				SKIP_INSTALL = YES;
				TARGETED_DEVICE_FAMILY = "1,2";
			};
			name = Release;
		};
/* End XCBuildConfiguration section */

/* Begin XCConfigurationList section */
		E64203E621638CD6004A77FF /* Build configuration list for PBXProject "gulden_static" */ = {
			isa = XCConfigurationList;
			buildConfigurations = (
				E64203F221638CD6004A77FF /* Debug */,
				E64203F321638CD6004A77FF /* Release */,
			);
			defaultConfigurationIsVisible = 0;
			defaultConfigurationName = Release;
		};
		E64203F421638CD6004A77FF /* Build configuration list for PBXNativeTarget "gulden_static" */ = {
			isa = XCConfigurationList;
			buildConfigurations = (
				E64203F521638CD6004A77FF /* Debug */,
				E64203F621638CD6004A77FF /* Release */,
			);
			defaultConfigurationIsVisible = 0;
			defaultConfigurationName = Release;
		};
/* End XCConfigurationList section */
	};
	rootObject = E64203E321638CD6004A77FF /* Project object */;
}
